
Microsoft Visual Studio Solution File, Format Version 12.00
# Visual Studio Version 17
VisualStudioVersion = 17.2.32630.192
MinimumVisualStudioVersion = 10.0.40219.1
Project("{FAE04EC0-301F-11D3-BF4B-00C04F79EFBC}") = "scvImport", "scvImport\scvImport.csproj", "{5F53F01E-D010-45D3-8D93-889FAF0305FE}"
EndProject
Global
	GlobalSection(SolutionConfigurationPlatforms) = preSolution
		Debug|Any CPU = Debug|Any CPU
		Release|Any CPU = Release|Any CPU
	EndGlobalSection
	GlobalSection(ProjectConfigurationPlatforms) = postSolution
		{5F53F01E-D010-45D3-8D93-889FAF0305FE}.Debug|Any CPU.ActiveCfg = Debug|Any CPU
		{5F53F01E-D010-45D3-8D93-889FAF0305FE}.Debug|Any CPU.Build.0 = Debug|Any CPU
		{5F53F01E-D010-45D3-8D93-889FAF0305FE}.Release|Any CPU.ActiveCfg = Release|Any CPU
		{5F53F01E-D010-45D3-8D93-889FAF0305FE}.Release|Any CPU.Build.0 = Release|Any CPU
	EndGlobalSection
	GlobalSection(SolutionProperties) = preSolution
		HideSolutionNode = FALSE
	EndGlobalSection
	GlobalSection(ExtensibilityGlobals) = postSolution
		SolutionGuid = {3971141C-9F96-4ED8-97C5-A1C15C5C3748}
	EndGlobalSection
EndGlobal
